{
    "_meta": {
        "hash": {
            "sha256": "595d317f437aaac76ed0ca123ec90b6a8a0e531790b308450b25d224d7a74afd"
        },
        "pipfile-spec": 6,
        "requires": {
            "python_version": "3.7"
        },
        "sources": [
            {
                "name": "pypi",
                "url": "https://pypi.org/simple",
                "verify_ssl": true
            }
        ]
    },
    "default": {
        "django": {
            "hashes": [
                "sha256:148a4a2d1a85b23883b0a4e99ab7718f518a83675e4485e44dc0c1d36988c5fa",
                "sha256:deb70aa038e59b58593673b15e9a711d1e5ccd941b5973b30750d5d026abfd56"
            ],
            "index": "pypi",
            "version": "==2.2.5"
        },
        "environs": {
            "hashes": [
                "sha256:ab4362c638aa67177a832aedf1609a95b46179ea9f5b1af8c90cbfe70ca7e6cf",
                "sha256:d92784bdeb6fe038688b19128b5d9a4d9eda4d33f1a38c21be8cad54c769a763"
            ],
            "index": "pypi",
            "version": "==5.2.1"
        },
        "marshmallow": {
            "hashes": [
                "sha256:afec49590bae715f6365ccc777e457b2811c00eacea0a6130f3155efd94dc363",
                "sha256:d89fd236e8fabf5808b6d7c344303fb308ba56891698ee7654cf7ff9f56ec4fc"
            ],
            "index": "pypi",
            "version": "==3.1.1"
        },
        "python-dotenv": {
            "hashes": [
                "sha256:debd928b49dbc2bf68040566f55cdb3252458036464806f4094487244e2a4093",
                "sha256:f157d71d5fec9d4bd5f51c82746b6344dffa680ee85217c123f4a0c8117c4544"
            ],
            "index": "pypi",
            "version": "==0.10.3"
        },
        "pytz": {
            "hashes": [
                "sha256:26c0b32e437e54a18161324a2fca3c4b9846b74a8dccddd843113109e1116b32",
                "sha256:c894d57500a4cd2d5c71114aaab77dbab5eabd9022308ce5ac9bb93a60a6f0c7"
            ],
            "index": "pypi",
            "version": "==2019.2"
        },
        "sqlparse": {
            "hashes": [
                "sha256:40afe6b8d4b1117e7dff5504d7a8ce07d9a1b15aeeade8a2d10f130a834f8177",
                "sha256:7c3dca29c022744e95b547e867cee89f4fce4373f3549ccd8797d8eb52cdb873"
            ],
            "index": "pypi",
            "version": "==0.3.0"
        }
    },
    "develop": {}
}
